
Microsoft Visual Studio Solution File, Format Version 12.00
# Visual Studio Version 16
VisualStudioVersion = 16.0.34601.136
MinimumVisualStudioVersion = 10.0.40219.1
Project("{FAE04EC0-301F-11D3-BF4B-00C04F79EFBC}") = "DemoWebCoreAPI", "DemoWebCoreAPI.csproj", "{7DF55DB6-F1F9-487E-9A1D-AB6A88B4722B}"
EndProject
Global
	GlobalSection(SolutionConfigurationPlatforms) = preSolution
		Debug|Any CPU = Debug|Any CPU
		Release|Any CPU = Release|Any CPU
	EndGlobalSection
	GlobalSection(ProjectConfigurationPlatforms) = postSolution
		{7DF55DB6-F1F9-487E-9A1D-AB6A88B4722B}.Debug|Any CPU.ActiveCfg = Debug|Any CPU
		{7DF55DB6-F1F9-487E-9A1D-AB6A88B4722B}.Debug|Any CPU.Build.0 = Debug|Any CPU
		{7DF55DB6-F1F9-487E-9A1D-AB6A88B4722B}.Release|Any CPU.ActiveCfg = Release|Any CPU
		{7DF55DB6-F1F9-487E-9A1D-AB6A88B4722B}.Release|Any CPU.Build.0 = Release|Any CPU
	EndGlobalSection
	GlobalSection(SolutionProperties) = preSolution
		HideSolutionNode = FALSE
	EndGlobalSection
	GlobalSection(ExtensibilityGlobals) = postSolution
		SolutionGuid = {B395F7B5-AC4F-4999-B488-1E29D36E3997}
	EndGlobalSection
EndGlobal
